{
  "name": "doc_search",
  "version": "0.0.1",
  "lockfileVersion": 2,
  "requires": true,
  "packages": {
    "": {
      "name": "doc_search",
      "version": "0.0.1",
      "license": "ISC",
      "dependencies": {
        "flexsearch": "^0.7.31",
        "node-tika": "^0.0.1"
      }
    },
    "node_modules/flexsearch": {
      "version": "0.7.31",
      "resolved": "https://registry.npmjs.org/flexsearch/-/flexsearch-0.7.31.tgz",
      "integrity": "sha512-XGozTsMPYkm+6b5QL3Z9wQcJjNYxp0CYn3U1gO7dwD6PAqU1SVWZxI9CCg3z+ml3YfqdPnrBehaBrnH2AGKbNA=="
    },
    "node_modules/node-tika": {
      "version": "0.0.1",
      "resolved": "https://registry.npmjs.org/node-tika/-/node-tika-0.0.1.tgz",
      "integrity": "sha512-OyZmJNRM6odnjYBO86gaedpBpj6kCZBqqjGlnwLiU6LzAUebflMP3VtT2SSli/QwUXLYt2DW2m8dkbjEY+J50Q=="
    }
  },
  "dependencies": {
    "flexsearch": {
      "version": "0.7.31",
      "resolved": "https://registry.npmjs.org/flexsearch/-/flexsearch-0.7.31.tgz",
      "integrity": "sha512-XGozTsMPYkm+6b5QL3Z9wQcJjNYxp0CYn3U1gO7dwD6PAqU1SVWZxI9CCg3z+ml3YfqdPnrBehaBrnH2AGKbNA=="
    },
    "node-tika": {
      "version": "0.0.1",
      "resolved": "https://registry.npmjs.org/node-tika/-/node-tika-0.0.1.tgz",
      "integrity": "sha512-OyZmJNRM6odnjYBO86gaedpBpj6kCZBqqjGlnwLiU6LzAUebflMP3VtT2SSli/QwUXLYt2DW2m8dkbjEY+J50Q=="
    }
  }
}
